
Microsoft Visual Studio Solution File, Format Version 12.00
# Visual Studio Version 16
VisualStudioVersion = 16.0.31025.194
MinimumVisualStudioVersion = 10.0.40219.1
Project("{8BC9CEB8-8B4A-11D0-8D11-00A0C91BC942}") = "Project4_hw", "Project4_hw\Project4_hw.vcxproj", "{355B3798-1338-4330-80C0-CA73497A97BC}"
EndProject
Global
	GlobalSection(SolutionConfigurationPlatforms) = preSolution
		Debug|x64 = Debug|x64
		Debug|x86 = Debug|x86
		Release|x64 = Release|x64
		Release|x86 = Release|x86
	EndGlobalSection
	GlobalSection(ProjectConfigurationPlatforms) = postSolution
		{355B3798-1338-4330-80C0-CA73497A97BC}.Debug|x64.ActiveCfg = Debug|x64
		{355B3798-1338-4330-80C0-CA73497A97BC}.Debug|x64.Build.0 = Debug|x64
		{355B3798-1338-4330-80C0-CA73497A97BC}.Debug|x86.ActiveCfg = Debug|Win32
		{355B3798-1338-4330-80C0-CA73497A97BC}.Debug|x86.Build.0 = Debug|Win32
		{355B3798-1338-4330-80C0-CA73497A97BC}.Release|x64.ActiveCfg = Release|x64
		{355B3798-1338-4330-80C0-CA73497A97BC}.Release|x64.Build.0 = Release|x64
		{355B3798-1338-4330-80C0-CA73497A97BC}.Release|x86.ActiveCfg = Release|Win32
		{355B3798-1338-4330-80C0-CA73497A97BC}.Release|x86.Build.0 = Release|Win32
	EndGlobalSection
	GlobalSection(SolutionProperties) = preSolution
		HideSolutionNode = FALSE
	EndGlobalSection
	GlobalSection(ExtensibilityGlobals) = postSolution
		SolutionGuid = {A6EBFB15-4B45-4C2E-9868-D45D8483772A}
	EndGlobalSection
EndGlobal
