
Microsoft Visual Studio Solution File, Format Version 12.00
# Visual Studio Version 16
VisualStudioVersion = 16.0.31025.194
MinimumVisualStudioVersion = 10.0.40219.1
Project("{8BC9CEB8-8B4A-11D0-8D11-00A0C91BC942}") = "Prg9-13", "Prg9-13\Prg9-13.vcxproj", "{FC898FB8-A97C-4142-8885-566A3DEEEC82}"
EndProject
Global
	GlobalSection(SolutionConfigurationPlatforms) = preSolution
		Debug|x64 = Debug|x64
		Debug|x86 = Debug|x86
		Release|x64 = Release|x64
		Release|x86 = Release|x86
	EndGlobalSection
	GlobalSection(ProjectConfigurationPlatforms) = postSolution
		{FC898FB8-A97C-4142-8885-566A3DEEEC82}.Debug|x64.ActiveCfg = Debug|x64
		{FC898FB8-A97C-4142-8885-566A3DEEEC82}.Debug|x64.Build.0 = Debug|x64
		{FC898FB8-A97C-4142-8885-566A3DEEEC82}.Debug|x86.ActiveCfg = Debug|Win32
		{FC898FB8-A97C-4142-8885-566A3DEEEC82}.Debug|x86.Build.0 = Debug|Win32
		{FC898FB8-A97C-4142-8885-566A3DEEEC82}.Release|x64.ActiveCfg = Release|x64
		{FC898FB8-A97C-4142-8885-566A3DEEEC82}.Release|x64.Build.0 = Release|x64
		{FC898FB8-A97C-4142-8885-566A3DEEEC82}.Release|x86.ActiveCfg = Release|Win32
		{FC898FB8-A97C-4142-8885-566A3DEEEC82}.Release|x86.Build.0 = Release|Win32
	EndGlobalSection
	GlobalSection(SolutionProperties) = preSolution
		HideSolutionNode = FALSE
	EndGlobalSection
	GlobalSection(ExtensibilityGlobals) = postSolution
		SolutionGuid = {9E084F79-A536-4801-BBCD-2B1705FBDAD3}
	EndGlobalSection
EndGlobal
