
Microsoft Visual Studio Solution File, Format Version 12.00
# Visual Studio Version 16
VisualStudioVersion = 16.0.31025.194
MinimumVisualStudioVersion = 10.0.40219.1
Project("{8BC9CEB8-8B4A-11D0-8D11-00A0C91BC942}") = "09_test", "09_test\09_test.vcxproj", "{313643E7-2AFE-42E7-BF35-DAB18E3C33CF}"
EndProject
Global
	GlobalSection(SolutionConfigurationPlatforms) = preSolution
		Debug|x64 = Debug|x64
		Debug|x86 = Debug|x86
		Release|x64 = Release|x64
		Release|x86 = Release|x86
	EndGlobalSection
	GlobalSection(ProjectConfigurationPlatforms) = postSolution
		{313643E7-2AFE-42E7-BF35-DAB18E3C33CF}.Debug|x64.ActiveCfg = Debug|x64
		{313643E7-2AFE-42E7-BF35-DAB18E3C33CF}.Debug|x64.Build.0 = Debug|x64
		{313643E7-2AFE-42E7-BF35-DAB18E3C33CF}.Debug|x86.ActiveCfg = Debug|Win32
		{313643E7-2AFE-42E7-BF35-DAB18E3C33CF}.Debug|x86.Build.0 = Debug|Win32
		{313643E7-2AFE-42E7-BF35-DAB18E3C33CF}.Release|x64.ActiveCfg = Release|x64
		{313643E7-2AFE-42E7-BF35-DAB18E3C33CF}.Release|x64.Build.0 = Release|x64
		{313643E7-2AFE-42E7-BF35-DAB18E3C33CF}.Release|x86.ActiveCfg = Release|Win32
		{313643E7-2AFE-42E7-BF35-DAB18E3C33CF}.Release|x86.Build.0 = Release|Win32
	EndGlobalSection
	GlobalSection(SolutionProperties) = preSolution
		HideSolutionNode = FALSE
	EndGlobalSection
	GlobalSection(ExtensibilityGlobals) = postSolution
		SolutionGuid = {25FF63F1-681B-4180-92AF-9D1625A3AE69}
	EndGlobalSection
EndGlobal
