
Microsoft Visual Studio Solution File, Format Version 12.00
# Visual Studio Version 16
VisualStudioVersion = 16.0.31025.194
MinimumVisualStudioVersion = 10.0.40219.1
Project("{8BC9CEB8-8B4A-11D0-8D11-00A0C91BC942}") = "04_string,namespace,reference", "04_string,namespace,reference\04_string,namespace,reference.vcxproj", "{50423C8F-7A62-47C4-94DB-E008B61D5636}"
EndProject
Global
	GlobalSection(SolutionConfigurationPlatforms) = preSolution
		Debug|x64 = Debug|x64
		Debug|x86 = Debug|x86
		Release|x64 = Release|x64
		Release|x86 = Release|x86
	EndGlobalSection
	GlobalSection(ProjectConfigurationPlatforms) = postSolution
		{50423C8F-7A62-47C4-94DB-E008B61D5636}.Debug|x64.ActiveCfg = Debug|x64
		{50423C8F-7A62-47C4-94DB-E008B61D5636}.Debug|x64.Build.0 = Debug|x64
		{50423C8F-7A62-47C4-94DB-E008B61D5636}.Debug|x86.ActiveCfg = Debug|Win32
		{50423C8F-7A62-47C4-94DB-E008B61D5636}.Debug|x86.Build.0 = Debug|Win32
		{50423C8F-7A62-47C4-94DB-E008B61D5636}.Release|x64.ActiveCfg = Release|x64
		{50423C8F-7A62-47C4-94DB-E008B61D5636}.Release|x64.Build.0 = Release|x64
		{50423C8F-7A62-47C4-94DB-E008B61D5636}.Release|x86.ActiveCfg = Release|Win32
		{50423C8F-7A62-47C4-94DB-E008B61D5636}.Release|x86.Build.0 = Release|Win32
	EndGlobalSection
	GlobalSection(SolutionProperties) = preSolution
		HideSolutionNode = FALSE
	EndGlobalSection
	GlobalSection(ExtensibilityGlobals) = postSolution
		SolutionGuid = {79432984-179A-41CC-8265-AE6CED68FD55}
	EndGlobalSection
EndGlobal
