
Microsoft Visual Studio Solution File, Format Version 12.00
# Visual Studio Version 16
VisualStudioVersion = 16.0.31025.194
MinimumVisualStudioVersion = 10.0.40219.1
Project("{8BC9CEB8-8B4A-11D0-8D11-00A0C91BC942}") = "ConsoleApplication2", "ConsoleApplication2\ConsoleApplication2.vcxproj", "{EC35BDE4-500B-4A8A-BF39-63A9889109B7}"
EndProject
Global
	GlobalSection(SolutionConfigurationPlatforms) = preSolution
		Debug|x64 = Debug|x64
		Debug|x86 = Debug|x86
		Release|x64 = Release|x64
		Release|x86 = Release|x86
	EndGlobalSection
	GlobalSection(ProjectConfigurationPlatforms) = postSolution
		{EC35BDE4-500B-4A8A-BF39-63A9889109B7}.Debug|x64.ActiveCfg = Debug|Win32
		{EC35BDE4-500B-4A8A-BF39-63A9889109B7}.Debug|x64.Build.0 = Debug|Win32
		{EC35BDE4-500B-4A8A-BF39-63A9889109B7}.Debug|x86.ActiveCfg = Debug|x64
		{EC35BDE4-500B-4A8A-BF39-63A9889109B7}.Debug|x86.Build.0 = Debug|x64
		{EC35BDE4-500B-4A8A-BF39-63A9889109B7}.Release|x64.ActiveCfg = Release|x64
		{EC35BDE4-500B-4A8A-BF39-63A9889109B7}.Release|x64.Build.0 = Release|x64
		{EC35BDE4-500B-4A8A-BF39-63A9889109B7}.Release|x86.ActiveCfg = Release|Win32
		{EC35BDE4-500B-4A8A-BF39-63A9889109B7}.Release|x86.Build.0 = Release|Win32
	EndGlobalSection
	GlobalSection(SolutionProperties) = preSolution
		HideSolutionNode = FALSE
	EndGlobalSection
	GlobalSection(ExtensibilityGlobals) = postSolution
		SolutionGuid = {27FF98FE-915D-44CD-9124-9723047FF6C7}
	EndGlobalSection
EndGlobal
