
Microsoft Visual Studio Solution File, Format Version 12.00
# Visual Studio Version 16
VisualStudioVersion = 16.0.31025.194
MinimumVisualStudioVersion = 10.0.40219.1
Project("{8BC9CEB8-8B4A-11D0-8D11-00A0C91BC942}") = "05_override,overload", "05_override,overload\05_override,overload.vcxproj", "{3120A76D-F00A-4EB7-958D-8C0D27639B5B}"
EndProject
Global
	GlobalSection(SolutionConfigurationPlatforms) = preSolution
		Debug|x64 = Debug|x64
		Debug|x86 = Debug|x86
		Release|x64 = Release|x64
		Release|x86 = Release|x86
	EndGlobalSection
	GlobalSection(ProjectConfigurationPlatforms) = postSolution
		{3120A76D-F00A-4EB7-958D-8C0D27639B5B}.Debug|x64.ActiveCfg = Debug|x64
		{3120A76D-F00A-4EB7-958D-8C0D27639B5B}.Debug|x64.Build.0 = Debug|x64
		{3120A76D-F00A-4EB7-958D-8C0D27639B5B}.Debug|x86.ActiveCfg = Debug|Win32
		{3120A76D-F00A-4EB7-958D-8C0D27639B5B}.Debug|x86.Build.0 = Debug|Win32
		{3120A76D-F00A-4EB7-958D-8C0D27639B5B}.Release|x64.ActiveCfg = Release|x64
		{3120A76D-F00A-4EB7-958D-8C0D27639B5B}.Release|x64.Build.0 = Release|x64
		{3120A76D-F00A-4EB7-958D-8C0D27639B5B}.Release|x86.ActiveCfg = Release|Win32
		{3120A76D-F00A-4EB7-958D-8C0D27639B5B}.Release|x86.Build.0 = Release|Win32
	EndGlobalSection
	GlobalSection(SolutionProperties) = preSolution
		HideSolutionNode = FALSE
	EndGlobalSection
	GlobalSection(ExtensibilityGlobals) = postSolution
		SolutionGuid = {F36CE5B9-C0CB-4070-BC25-7872ECB8FD69}
	EndGlobalSection
EndGlobal
